
Microsoft Visual Studio Solution File, Format Version 12.00
# Visual Studio Version 17
VisualStudioVersion = 17.5.33502.453
MinimumVisualStudioVersion = 10.0.40219.1
Project("{FAE04EC0-301F-11D3-BF4B-00C04F79EFBC}") = "ConsoleApp5", "ConsoleApp5\ConsoleApp5.csproj", "{1F6D7603-4BE7-453C-BB0A-0DBBB8CD83F7}"
EndProject
Global
	GlobalSection(SolutionConfigurationPlatforms) = preSolution
		Debug|Any CPU = Debug|Any CPU
		Release|Any CPU = Release|Any CPU
	EndGlobalSection
	GlobalSection(ProjectConfigurationPlatforms) = postSolution
		{1F6D7603-4BE7-453C-BB0A-0DBBB8CD83F7}.Debug|Any CPU.ActiveCfg = Debug|Any CPU
		{1F6D7603-4BE7-453C-BB0A-0DBBB8CD83F7}.Debug|Any CPU.Build.0 = Debug|Any CPU
		{1F6D7603-4BE7-453C-BB0A-0DBBB8CD83F7}.Release|Any CPU.ActiveCfg = Release|Any CPU
		{1F6D7603-4BE7-453C-BB0A-0DBBB8CD83F7}.Release|Any CPU.Build.0 = Release|Any CPU
	EndGlobalSection
	GlobalSection(SolutionProperties) = preSolution
		HideSolutionNode = FALSE
	EndGlobalSection
	GlobalSection(ExtensibilityGlobals) = postSolution
		SolutionGuid = {C610C95C-4AC0-44B2-BC97-8E067750CFDF}
	EndGlobalSection
EndGlobal
